
Microsoft Visual Studio Solution File, Format Version 12.00
# Visual Studio Version 16
VisualStudioVersion = 16.0.32901.82
MinimumVisualStudioVersion = 10.0.40219.1
Project("{FAE04EC0-301F-11D3-BF4B-00C04F79EFBC}") = "HomeTaskSade", "HomeTaskSade\HomeTaskSade.csproj", "{592789D1-A039-4DF4-9BEC-2A4CE789A53A}"
EndProject
Global
	GlobalSection(SolutionConfigurationPlatforms) = preSolution
		Debug|Any CPU = Debug|Any CPU
		Release|Any CPU = Release|Any CPU
	EndGlobalSection
	GlobalSection(ProjectConfigurationPlatforms) = postSolution
		{592789D1-A039-4DF4-9BEC-2A4CE789A53A}.Debug|Any CPU.ActiveCfg = Debug|Any CPU
		{592789D1-A039-4DF4-9BEC-2A4CE789A53A}.Debug|Any CPU.Build.0 = Debug|Any CPU
		{592789D1-A039-4DF4-9BEC-2A4CE789A53A}.Release|Any CPU.ActiveCfg = Release|Any CPU
		{592789D1-A039-4DF4-9BEC-2A4CE789A53A}.Release|Any CPU.Build.0 = Release|Any CPU
	EndGlobalSection
	GlobalSection(SolutionProperties) = preSolution
		HideSolutionNode = FALSE
	EndGlobalSection
	GlobalSection(ExtensibilityGlobals) = postSolution
		SolutionGuid = {D10EE1BF-5E9F-4B47-99F2-0718A6460154}
	EndGlobalSection
EndGlobal
